// !$*UTF8*$!
{
	archiveVersion = 1;
	classes = {
	};
	objectVersion = 50;
	objects = {

/* Begin PBXBuildFile section */
		5330C07D24421E6D006A0D26 /* IdentiteView.swift in Sources */ = {isa = PBXBuildFile; fileRef = 5330C07C24421E6D006A0D26 /* IdentiteView.swift */; };
		53506A7D2444AD4100EE3618 /* Attestation.pdf in Resources */ = {isa = PBXBuildFile; fileRef = 53506A7C2444AD4100EE3618 /* Attestation.pdf */; };
		5380FE6024435A9600CBE27F /* TabBarView.swift in Sources */ = {isa = PBXBuildFile; fileRef = 5380FE5F24435A9600CBE27F /* TabBarView.swift */; };
		5380FE6224435F4400CBE27F /* MotifView.swift in Sources */ = {isa = PBXBuildFile; fileRef = 5380FE6124435F4400CBE27F /* MotifView.swift */; };
		53E2863E2444437700A866B5 /* AttestationView.swift in Sources */ = {isa = PBXBuildFile; fileRef = 53E2863D2444437700A866B5 /* AttestationView.swift */; };
		53EFD2AF24403A610049A303 /* AppDelegate.swift in Sources */ = {isa = PBXBuildFile; fileRef = 53EFD2AE24403A610049A303 /* AppDelegate.swift */; };
		53EFD2B124403A610049A303 /* SceneDelegate.swift in Sources */ = {isa = PBXBuildFile; fileRef = 53EFD2B024403A610049A303 /* SceneDelegate.swift */; };
		53EFD2B424403A610049A303 /* QR_Code_Generateur.xcdatamodeld in Sources */ = {isa = PBXBuildFile; fileRef = 53EFD2B224403A610049A303 /* QR_Code_Generateur.xcdatamodeld */; };
		53EFD2B824403A620049A303 /* Assets.xcassets in Resources */ = {isa = PBXBuildFile; fileRef = 53EFD2B724403A620049A303 /* Assets.xcassets */; };
		53EFD2BB24403A620049A303 /* Preview Assets.xcassets in Resources */ = {isa = PBXBuildFile; fileRef = 53EFD2BA24403A620049A303 /* Preview Assets.xcassets */; };
		53EFD2BE24403A620049A303 /* LaunchScreen.storyboard in Resources */ = {isa = PBXBuildFile; fileRef = 53EFD2BC24403A620049A303 /* LaunchScreen.storyboard */; };
		53EFD2C72440C7BB0049A303 /* QRCodeView.swift in Sources */ = {isa = PBXBuildFile; fileRef = 53EFD2C62440C7BB0049A303 /* QRCodeView.swift */; };
		53EFD2C92440D1C40049A303 /* Data.swift in Sources */ = {isa = PBXBuildFile; fileRef = 53EFD2C82440D1C40049A303 /* Data.swift */; };
/* End PBXBuildFile section */

/* Begin PBXFileReference section */
		5330C07C24421E6D006A0D26 /* IdentiteView.swift */ = {isa = PBXFileReference; lastKnownFileType = sourcecode.swift; path = IdentiteView.swift; sourceTree = "<group>"; };
		53506A7C2444AD4100EE3618 /* Attestation.pdf */ = {isa = PBXFileReference; lastKnownFileType = image.pdf; path = Attestation.pdf; sourceTree = "<group>"; };
		5380FE5F24435A9600CBE27F /* TabBarView.swift */ = {isa = PBXFileReference; lastKnownFileType = sourcecode.swift; path = TabBarView.swift; sourceTree = "<group>"; };
		5380FE6124435F4400CBE27F /* MotifView.swift */ = {isa = PBXFileReference; lastKnownFileType = sourcecode.swift; path = MotifView.swift; sourceTree = "<group>"; };
		53E2863D2444437700A866B5 /* AttestationView.swift */ = {isa = PBXFileReference; lastKnownFileType = sourcecode.swift; path = AttestationView.swift; sourceTree = "<group>"; };
		53EFD2AB24403A610049A303 /* QR Code Generateur.app */ = {isa = PBXFileReference; explicitFileType = wrapper.application; includeInIndex = 0; path = "QR Code Generateur.app"; sourceTree = BUILT_PRODUCTS_DIR; };
		53EFD2AE24403A610049A303 /* AppDelegate.swift */ = {isa = PBXFileReference; lastKnownFileType = sourcecode.swift; path = AppDelegate.swift; sourceTree = "<group>"; };
		53EFD2B024403A610049A303 /* SceneDelegate.swift */ = {isa = PBXFileReference; lastKnownFileType = sourcecode.swift; path = SceneDelegate.swift; sourceTree = "<group>"; };
		53EFD2B324403A610049A303 /* QR_Code_Generateur.xcdatamodel */ = {isa = PBXFileReference; lastKnownFileType = wrapper.xcdatamodel; path = QR_Code_Generateur.xcdatamodel; sourceTree = "<group>"; };
		53EFD2B724403A620049A303 /* Assets.xcassets */ = {isa = PBXFileReference; lastKnownFileType = folder.assetcatalog; path = Assets.xcassets; sourceTree = "<group>"; };
		53EFD2BA24403A620049A303 /* Preview Assets.xcassets */ = {isa = PBXFileReference; lastKnownFileType = folder.assetcatalog; path = "Preview Assets.xcassets"; sourceTree = "<group>"; };
		53EFD2BD24403A620049A303 /* Base */ = {isa = PBXFileReference; lastKnownFileType = file.storyboard; name = Base; path = Base.lproj/LaunchScreen.storyboard; sourceTree = "<group>"; };
		53EFD2BF24403A620049A303 /* Info.plist */ = {isa = PBXFileReference; lastKnownFileType = text.plist.xml; path = Info.plist; sourceTree = "<group>"; };
		53EFD2C5244078A20049A303 /* fr */ = {isa = PBXFileReference; lastKnownFileType = text.plist.strings; name = fr; path = fr.lproj/LaunchScreen.strings; sourceTree = "<group>"; };
		53EFD2C62440C7BB0049A303 /* QRCodeView.swift */ = {isa = PBXFileReference; lastKnownFileType = sourcecode.swift; path = QRCodeView.swift; sourceTree = "<group>"; };
		53EFD2C82440D1C40049A303 /* Data.swift */ = {isa = PBXFileReference; lastKnownFileType = sourcecode.swift; path = Data.swift; sourceTree = "<group>"; };
/* End PBXFileReference section */

/* Begin PBXFrameworksBuildPhase section */
		53EFD2A824403A610049A303 /* Frameworks */ = {
			isa = PBXFrameworksBuildPhase;
			buildActionMask = 2147483647;
			files = (
			);
			runOnlyForDeploymentPostprocessing = 0;
		};
/* End PBXFrameworksBuildPhase section */

/* Begin PBXGroup section */
		53EFD2A224403A610049A303 = {
			isa = PBXGroup;
			children = (
				53EFD2AD24403A610049A303 /* QR Code Generateur */,
				53EFD2AC24403A610049A303 /* Products */,
			);
			sourceTree = "<group>";
		};
		53EFD2AC24403A610049A303 /* Products */ = {
			isa = PBXGroup;
			children = (
				53EFD2AB24403A610049A303 /* QR Code Generateur.app */,
			);
			name = Products;
			sourceTree = "<group>";
		};
		53EFD2AD24403A610049A303 /* QR Code Generateur */ = {
			isa = PBXGroup;
			children = (
				53506A7C2444AD4100EE3618 /* Attestation.pdf */,
				53EFD2AE24403A610049A303 /* AppDelegate.swift */,
				53EFD2B024403A610049A303 /* SceneDelegate.swift */,
				5380FE5F24435A9600CBE27F /* TabBarView.swift */,
				5380FE6124435F4400CBE27F /* MotifView.swift */,
				53E2863D2444437700A866B5 /* AttestationView.swift */,
				53EFD2C82440D1C40049A303 /* Data.swift */,
				5330C07C24421E6D006A0D26 /* IdentiteView.swift */,
				53EFD2C62440C7BB0049A303 /* QRCodeView.swift */,
				53EFD2B724403A620049A303 /* Assets.xcassets */,
				53EFD2BC24403A620049A303 /* LaunchScreen.storyboard */,
				53EFD2BF24403A620049A303 /* Info.plist */,
				53EFD2B224403A610049A303 /* QR_Code_Generateur.xcdatamodeld */,
				53EFD2B924403A620049A303 /* Preview Content */,
			);
			path = "QR Code Generateur";
			sourceTree = "<group>";
		};
		53EFD2B924403A620049A303 /* Preview Content */ = {
			isa = PBXGroup;
			children = (
				53EFD2BA24403A620049A303 /* Preview Assets.xcassets */,
			);
			path = "Preview Content";
			sourceTree = "<group>";
		};
/* End PBXGroup section */

/* Begin PBXNativeTarget section */
		53EFD2AA24403A610049A303 /* QR Code Generateur */ = {
			isa = PBXNativeTarget;
			buildConfigurationList = 53EFD2C224403A620049A303 /* Build configuration list for PBXNativeTarget "QR Code Generateur" */;
			buildPhases = (
				53EFD2A724403A610049A303 /* Sources */,
				53EFD2A824403A610049A303 /* Frameworks */,
				53EFD2A924403A610049A303 /* Resources */,
			);
			buildRules = (
			);
			dependencies = (
			);
			name = "QR Code Generateur";
			productName = "QR Code Generateur";
			productReference = 53EFD2AB24403A610049A303 /* QR Code Generateur.app */;
			productType = "com.apple.product-type.application";
		};
/* End PBXNativeTarget section */

/* Begin PBXProject section */
		53EFD2A324403A610049A303 /* Project object */ = {
			isa = PBXProject;
			attributes = {
				LastSwiftUpdateCheck = 1140;
				LastUpgradeCheck = 1140;
				ORGANIZATIONNAME = "Michel Garlandat";
				TargetAttributes = {
					53EFD2AA24403A610049A303 = {
						CreatedOnToolsVersion = 11.4;
					};
				};
			};
			buildConfigurationList = 53EFD2A624403A610049A303 /* Build configuration list for PBXProject "QR Code Generateur" */;
			compatibilityVersion = "Xcode 9.3";
			developmentRegion = en;
			hasScannedForEncodings = 0;
			knownRegions = (
				en,
				Base,
				fr,
			);
			mainGroup = 53EFD2A224403A610049A303;
			productRefGroup = 53EFD2AC24403A610049A303 /* Products */;
			projectDirPath = "";
			projectRoot = "";
			targets = (
				53EFD2AA24403A610049A303 /* QR Code Generateur */,
			);
		};
/* End PBXProject section */

/* Begin PBXResourcesBuildPhase section */
		53EFD2A924403A610049A303 /* Resources */ = {
			isa = PBXResourcesBuildPhase;
			buildActionMask = 2147483647;
			files = (
				53EFD2BE24403A620049A303 /* LaunchScreen.storyboard in Resources */,
				53EFD2BB24403A620049A303 /* Preview Assets.xcassets in Resources */,
				53EFD2B824403A620049A303 /* Assets.xcassets in Resources */,
				53506A7D2444AD4100EE3618 /* Attestation.pdf in Resources */,
			);
			runOnlyForDeploymentPostprocessing = 0;
		};
/* End PBXResourcesBuildPhase section */

/* Begin PBXSourcesBuildPhase section */
		53EFD2A724403A610049A303 /* Sources */ = {
			isa = PBXSourcesBuildPhase;
			buildActionMask = 2147483647;
			files = (
				53EFD2AF24403A610049A303 /* AppDelegate.swift in Sources */,
				53EFD2C92440D1C40049A303 /* Data.swift in Sources */,
				5380FE6024435A9600CBE27F /* TabBarView.swift in Sources */,
				53EFD2B124403A610049A303 /* SceneDelegate.swift in Sources */,
				53EFD2C72440C7BB0049A303 /* QRCodeView.swift in Sources */,
				5380FE6224435F4400CBE27F /* MotifView.swift in Sources */,
				5330C07D24421E6D006A0D26 /* IdentiteView.swift in Sources */,
				53E2863E2444437700A866B5 /* AttestationView.swift in Sources */,
				53EFD2B424403A610049A303 /* QR_Code_Generateur.xcdatamodeld in Sources */,
			);
			runOnlyForDeploymentPostprocessing = 0;
		};
/* End PBXSourcesBuildPhase section */

/* Begin PBXVariantGroup section */
		53EFD2BC24403A620049A303 /* LaunchScreen.storyboard */ = {
			isa = PBXVariantGroup;
			children = (
				53EFD2BD24403A620049A303 /* Base */,
				53EFD2C5244078A20049A303 /* fr */,
			);
			name = LaunchScreen.storyboard;
			sourceTree = "<group>";
		};
/* End PBXVariantGroup section */

/* Begin XCBuildConfiguration section */
		53EFD2C024403A620049A303 /* Debug */ = {
			isa = XCBuildConfiguration;
			buildSettings = {
				ALWAYS_SEARCH_USER_PATHS = NO;
				CLANG_ANALYZER_LOCALIZABILITY_NONLOCALIZED = YES;
				CLANG_ANALYZER_NONNULL = YES;
				CLANG_ANALYZER_NUMBER_OBJECT_CONVERSION = YES_AGGRESSIVE;
				CLANG_CXX_LANGUAGE_STANDARD = "gnu++14";
				CLANG_CXX_LIBRARY = "libc++";
				CLANG_ENABLE_MODULES = YES;
				CLANG_ENABLE_OBJC_ARC = YES;
				CLANG_ENABLE_OBJC_WEAK = YES;
				CLANG_WARN_BLOCK_CAPTURE_AUTORELEASING = YES;
				CLANG_WARN_BOOL_CONVERSION = YES;
				CLANG_WARN_COMMA = YES;
				CLANG_WARN_CONSTANT_CONVERSION = YES;
				CLANG_WARN_DEPRECATED_OBJC_IMPLEMENTATIONS = YES;
				CLANG_WARN_DIRECT_OBJC_ISA_USAGE = YES_ERROR;
				CLANG_WARN_DOCUMENTATION_COMMENTS = YES;
				CLANG_WARN_EMPTY_BODY = YES;
				CLANG_WARN_ENUM_CONVERSION = YES;
				CLANG_WARN_INFINITE_RECURSION = YES;
				CLANG_WARN_INT_CONVERSION = YES;
				CLANG_WARN_NON_LITERAL_NULL_CONVERSION = YES;
				CLANG_WARN_OBJC_IMPLICIT_RETAIN_SELF = YES;
				CLANG_WARN_OBJC_LITERAL_CONVERSION = YES;
				CLANG_WARN_OBJC_ROOT_CLASS = YES_ERROR;
				CLANG_WARN_RANGE_LOOP_ANALYSIS = YES;
				CLANG_WARN_STRICT_PROTOTYPES = YES;
				CLANG_WARN_SUSPICIOUS_MOVE = YES;
				CLANG_WARN_UNGUARDED_AVAILABILITY = YES_AGGRESSIVE;
				CLANG_WARN_UNREACHABLE_CODE = YES;
				CLANG_WARN__DUPLICATE_METHOD_MATCH = YES;
				COPY_PHASE_STRIP = NO;
				DEBUG_INFORMATION_FORMAT = dwarf;
				ENABLE_STRICT_OBJC_MSGSEND = YES;
				ENABLE_TESTABILITY = YES;
				GCC_C_LANGUAGE_STANDARD = gnu11;
				GCC_DYNAMIC_NO_PIC = NO;
				GCC_NO_COMMON_BLOCKS = YES;
				GCC_OPTIMIZATION_LEVEL = 0;
				GCC_PREPROCESSOR_DEFINITIONS = (
					"DEBUG=1",
					"$(inherited)",
				);
				GCC_WARN_64_TO_32_BIT_CONVERSION = YES;
				GCC_WARN_ABOUT_RETURN_TYPE = YES_ERROR;
				GCC_WARN_UNDECLARED_SELECTOR = YES;
				GCC_WARN_UNINITIALIZED_AUTOS = YES_AGGRESSIVE;
				GCC_WARN_UNUSED_FUNCTION = YES;
				GCC_WARN_UNUSED_VARIABLE = YES;
				IPHONEOS_DEPLOYMENT_TARGET = 13.4;
				MTL_ENABLE_DEBUG_INFO = INCLUDE_SOURCE;
				MTL_FAST_MATH = YES;
				ONLY_ACTIVE_ARCH = YES;
				SDKROOT = iphoneos;
				SWIFT_ACTIVE_COMPILATION_CONDITIONS = DEBUG;
				SWIFT_OPTIMIZATION_LEVEL = "-Onone";
			};
			name = Debug;
		};
		53EFD2C124403A620049A303 /* Release */ = {
			isa = XCBuildConfiguration;
			buildSettings = {
				ALWAYS_SEARCH_USER_PATHS = NO;
				CLANG_ANALYZER_LOCALIZABILITY_NONLOCALIZED = YES;
				CLANG_ANALYZER_NONNULL = YES;
				CLANG_ANALYZER_NUMBER_OBJECT_CONVERSION = YES_AGGRESSIVE;
				CLANG_CXX_LANGUAGE_STANDARD = "gnu++14";
				CLANG_CXX_LIBRARY = "libc++";
				CLANG_ENABLE_MODULES = YES;
				CLANG_ENABLE_OBJC_ARC = YES;
				CLANG_ENABLE_OBJC_WEAK = YES;
				CLANG_WARN_BLOCK_CAPTURE_AUTORELEASING = YES;
				CLANG_WARN_BOOL_CONVERSION = YES;
				CLANG_WARN_COMMA = YES;
				CLANG_WARN_CONSTANT_CONVERSION = YES;
				CLANG_WARN_DEPRECATED_OBJC_IMPLEMENTATIONS = YES;
				CLANG_WARN_DIRECT_OBJC_ISA_USAGE = YES_ERROR;
				CLANG_WARN_DOCUMENTATION_COMMENTS = YES;
				CLANG_WARN_EMPTY_BODY = YES;
				CLANG_WARN_ENUM_CONVERSION = YES;
				CLANG_WARN_INFINITE_RECURSION = YES;
				CLANG_WARN_INT_CONVERSION = YES;
				CLANG_WARN_NON_LITERAL_NULL_CONVERSION = YES;
				CLANG_WARN_OBJC_IMPLICIT_RETAIN_SELF = YES;
				CLANG_WARN_OBJC_LITERAL_CONVERSION = YES;
				CLANG_WARN_OBJC_ROOT_CLASS = YES_ERROR;
				CLANG_WARN_RANGE_LOOP_ANALYSIS = YES;
				CLANG_WARN_STRICT_PROTOTYPES = YES;
				CLANG_WARN_SUSPICIOUS_MOVE = YES;
				CLANG_WARN_UNGUARDED_AVAILABILITY = YES_AGGRESSIVE;
				CLANG_WARN_UNREACHABLE_CODE = YES;
				CLANG_WARN__DUPLICATE_METHOD_MATCH = YES;
				COPY_PHASE_STRIP = NO;
				DEBUG_INFORMATION_FORMAT = "dwarf-with-dsym";
				ENABLE_NS_ASSERTIONS = NO;
				ENABLE_STRICT_OBJC_MSGSEND = YES;
				GCC_C_LANGUAGE_STANDARD = gnu11;
				GCC_NO_COMMON_BLOCKS = YES;
				GCC_WARN_64_TO_32_BIT_CONVERSION = YES;
				GCC_WARN_ABOUT_RETURN_TYPE = YES_ERROR;
				GCC_WARN_UNDECLARED_SELECTOR = YES;
				GCC_WARN_UNINITIALIZED_AUTOS = YES_AGGRESSIVE;
				GCC_WARN_UNUSED_FUNCTION = YES;
				GCC_WARN_UNUSED_VARIABLE = YES;
				IPHONEOS_DEPLOYMENT_TARGET = 13.4;
				MTL_ENABLE_DEBUG_INFO = NO;
				MTL_FAST_MATH = YES;
				SDKROOT = iphoneos;
				SWIFT_COMPILATION_MODE = wholemodule;
				SWIFT_OPTIMIZATION_LEVEL = "-O";
				VALIDATE_PRODUCT = YES;
			};
			name = Release;
		};
		53EFD2C324403A620049A303 /* Debug */ = {
			isa = XCBuildConfiguration;
			buildSettings = {
				ASSETCATALOG_COMPILER_APPICON_NAME = AppIcon;
				CODE_SIGN_STYLE = Automatic;
				DEVELOPMENT_ASSET_PATHS = "\"QR Code Generateur/Preview Content\"";
				DEVELOPMENT_TEAM = 4M6WBM2XB7;
				ENABLE_PREVIEWS = YES;
				INFOPLIST_FILE = "QR Code Generateur/Info.plist";
				LD_RUNPATH_SEARCH_PATHS = (
					"$(inherited)",
					"@executable_path/Frameworks",
				);
				PRODUCT_BUNDLE_IDENTIFIER = "fr.michel.garlandat.QR-Code-Generateur";
				PRODUCT_NAME = "$(TARGET_NAME)";
				SWIFT_VERSION = 5.0;
				TARGETED_DEVICE_FAMILY = "1,2";
			};
			name = Debug;
		};
		53EFD2C424403A620049A303 /* Release */ = {
			isa = XCBuildConfiguration;
			buildSettings = {
				ASSETCATALOG_COMPILER_APPICON_NAME = AppIcon;
				CODE_SIGN_STYLE = Automatic;
				DEVELOPMENT_ASSET_PATHS = "\"QR Code Generateur/Preview Content\"";
				DEVELOPMENT_TEAM = 4M6WBM2XB7;
				ENABLE_PREVIEWS = YES;
				INFOPLIST_FILE = "QR Code Generateur/Info.plist";
				LD_RUNPATH_SEARCH_PATHS = (
					"$(inherited)",
					"@executable_path/Frameworks",
				);
				PRODUCT_BUNDLE_IDENTIFIER = "fr.michel.garlandat.QR-Code-Generateur";
				PRODUCT_NAME = "$(TARGET_NAME)";
				SWIFT_VERSION = 5.0;
				TARGETED_DEVICE_FAMILY = "1,2";
			};
			name = Release;
		};
/* End XCBuildConfiguration section */

/* Begin XCConfigurationList section */
		53EFD2A624403A610049A303 /* Build configuration list for PBXProject "QR Code Generateur" */ = {
			isa = XCConfigurationList;
			buildConfigurations = (
				53EFD2C024403A620049A303 /* Debug */,
				53EFD2C124403A620049A303 /* Release */,
			);
			defaultConfigurationIsVisible = 0;
			defaultConfigurationName = Release;
		};
		53EFD2C224403A620049A303 /* Build configuration list for PBXNativeTarget "QR Code Generateur" */ = {
			isa = XCConfigurationList;
			buildConfigurations = (
				53EFD2C324403A620049A303 /* Debug */,
				53EFD2C424403A620049A303 /* Release */,
			);
			defaultConfigurationIsVisible = 0;
			defaultConfigurationName = Release;
		};
/* End XCConfigurationList section */

/* Begin XCVersionGroup section */
		53EFD2B224403A610049A303 /* QR_Code_Generateur.xcdatamodeld */ = {
			isa = XCVersionGroup;
			children = (
				53EFD2B324403A610049A303 /* QR_Code_Generateur.xcdatamodel */,
			);
			currentVersion = 53EFD2B324403A610049A303 /* QR_Code_Generateur.xcdatamodel */;
			path = QR_Code_Generateur.xcdatamodeld;
			sourceTree = "<group>";
			versionGroupType = wrapper.xcdatamodel;
		};
/* End XCVersionGroup section */
	};
	rootObject = 53EFD2A324403A610049A303 /* Project object */;
}
